
Microsoft Visual Studio Solution File, Format Version 12.00
# Visual Studio Version 17
VisualStudioVersion = 17.13.35825.156
MinimumVisualStudioVersion = 10.0.40219.1
Project("{2150E333-8FDC-42A3-9474-1A3956D46DE8}") = "Task0", "Task0", "{02EA681E-C7D8-13C7-8484-4AC65E1B71E8}"
EndProject
Project("{FAE04EC0-301F-11D3-BF4B-00C04F79EFBC}") = "Tyuiu.ArtemihinND.Sprint0.Task0.V0", "Tyuiu.ArtemihinND.Sprint0.Task0.V0\Tyuiu.ArtemihinND.Sprint0.Task0.V0.csproj", "{B26670F8-AACE-4A0C-84E2-D5AD9A6A1081}"
EndProject
Project("{2150E333-8FDC-42A3-9474-1A3956D46DE8}") = "Task1", "Task1", "{A7BF08B1-4AA7-4727-A463-DD5EEF1E008A}"
EndProject
Project("{FAE04EC0-301F-11D3-BF4B-00C04F79EFBC}") = "Tyuiu.ArtemihinND.Sprint0.Task1.V0", "Tyuiu.ArtemihinND.Sprint0.Task1.V0\Tyuiu.ArtemihinND.Sprint0.Task1.V0.csproj", "{F5BAD10C-34FD-42FF-92A7-355759D33335}"
EndProject
Project("{2150E333-8FDC-42A3-9474-1A3956D46DE8}") = "Task2", "Task2", "{7612D6F2-F060-4665-9D0D-C310E3A72C34}"
EndProject
Project("{FAE04EC0-301F-11D3-BF4B-00C04F79EFBC}") = "Tyuiu.ArtemihinND.Sprint0.Task2.V0", "Tyuiu.ArtemihinND.Sprint0.Task2.V0\Tyuiu.ArtemihinND.Sprint0.Task2.V0.csproj", "{A6D5EE9A-25B5-49EE-8334-83AF430B05C8}"
EndProject
Project("{FAE04EC0-301F-11D3-BF4B-00C04F79EFBC}") = "Tyuiu.ArtemihinND.Sprint0.Task2.V0.Lib", "Tyuiu.ArtemihinND.Sprint0.Task2.V0.Lib\Tyuiu.ArtemihinND.Sprint0.Task2.V0.Lib.csproj", "{A47F592B-D383-48DD-9EDC-9B1D545A9519}"
EndProject
Project("{FAE04EC0-301F-11D3-BF4B-00C04F79EFBC}") = "Tyuiu.ArtemihinND.Sprint0.Task2.V0.Test", "Tyuiu.ArtemihinND.Sprint0.Task2.V0.Test\Tyuiu.ArtemihinND.Sprint0.Task2.V0.Test.csproj", "{D5DB361A-8316-4BD5-BAC7-C0060C35E84E}"
EndProject
Project("{2150E333-8FDC-42A3-9474-1A3956D46DE8}") = "Task3", "Task3", "{F449678F-397C-4B42-BDD7-B2DC8D3A0F28}"
EndProject
Project("{FAE04EC0-301F-11D3-BF4B-00C04F79EFBC}") = "Tyuiu.ArtemihinND.Sprint0.Task3.V0", "Tyuiu.ArtemihinND.Sprint0.Task3.V0\Tyuiu.ArtemihinND.Sprint0.Task3.V0.csproj", "{41A8CEEA-C412-4DC5-B89C-B3FFAE6CA0C2}"
EndProject
Project("{FAE04EC0-301F-11D3-BF4B-00C04F79EFBC}") = "Tyuiu.ArtemihinND.Sprint0.Task3.V0.Lib", "Tyuiu.ArtemihinND.Sprint0.Task3.V0.Lib\Tyuiu.ArtemihinND.Sprint0.Task3.V0.Lib.csproj", "{2A42AF0E-0945-4EDE-94A5-FCF1DB86E91A}"
EndProject
Project("{FAE04EC0-301F-11D3-BF4B-00C04F79EFBC}") = "Tyuiu.ArtemihinND.Sprint0.Task3.V0.Test", "Tyuiu.ArtemihinND.Sprint0.Task3.V0.Test\Tyuiu.ArtemihinND.Sprint0.Task3.V0.Test.csproj", "{FE2865B3-8C06-4CF1-AE72-C2EFCD721D03}"
EndProject
Project("{2150E333-8FDC-42A3-9474-1A3956D46DE8}") = "Task4", "Task4", "{AFF3BC2B-5880-4FA6-9F13-41F51101CCC0}"
EndProject
Project("{FAE04EC0-301F-11D3-BF4B-00C04F79EFBC}") = "Tyuiu.ArtemihinND.Sprint0.Task4.V0", "Tyuiu.ArtemihinND.Sprint0.Task4.V0\Tyuiu.ArtemihinND.Sprint0.Task4.V0.csproj", "{80DC52FC-BAD6-4FCD-8582-6F573BE24F3A}"
EndProject
Project("{FAE04EC0-301F-11D3-BF4B-00C04F79EFBC}") = "Tyuiu.ArtemihinND.Sprint0.Task4.V0.Lib", "Tyuiu.ArtemihinND.Sprint0.Task4.V0.Lib\Tyuiu.ArtemihinND.Sprint0.Task4.V0.Lib.csproj", "{5EFFEA1D-3D48-4AA3-B386-B1A91116075F}"
EndProject
Project("{FAE04EC0-301F-11D3-BF4B-00C04F79EFBC}") = "Tyuiu.ArtemihinND.Sprint0.Task4.V0.Test", "Tyuiu.ArtemihinND.Sprint0.Task4.V0.Test\Tyuiu.ArtemihinND.Sprint0.Task4.V0.Test.csproj", "{28B59FAB-A0E6-40FE-B4F7-12EFB771CE97}"
EndProject
Project("{2150E333-8FDC-42A3-9474-1A3956D46DE8}") = "Task5", "Task5", "{BD9FB2DF-254C-4438-9876-2CB2FA4B35E9}"
EndProject
Project("{FAE04EC0-301F-11D3-BF4B-00C04F79EFBC}") = "Tyuiu.ArtemihinND.Sprint0.Task5.V0", "Tyuiu.ArtemihinND.Sprint0.Task5.V0\Tyuiu.ArtemihinND.Sprint0.Task5.V0.csproj", "{9176EA63-B0B2-4CE0-8FE9-BEFC7602DB0E}"
EndProject
Project("{FAE04EC0-301F-11D3-BF4B-00C04F79EFBC}") = "Tyuiu.ArtemihinND.Sprint0.Task5.V0.Lib", "Tyuiu.ArtemihinND.Sprint0.Task5.V0.Lib\Tyuiu.ArtemihinND.Sprint0.Task5.V0.Lib.csproj", "{A19C625F-E7B5-4A94-BD0E-6A11541B9B97}"
EndProject
Project("{FAE04EC0-301F-11D3-BF4B-00C04F79EFBC}") = "Tyuiu.ArtemihinND.Sprint0.Task5.V0.Test", "Tyuiu.ArtemihinND.Sprint0.Task5.V0.Test\Tyuiu.ArtemihinND.Sprint0.Task5.V0.Test.csproj", "{5C2A9CB5-3D42-4DBF-BE21-7D1379ED13D0}"
EndProject
Global
	GlobalSection(SolutionConfigurationPlatforms) = preSolution
		Debug|Any CPU = Debug|Any CPU
		Release|Any CPU = Release|Any CPU
	EndGlobalSection
	GlobalSection(ProjectConfigurationPlatforms) = postSolution
		{B26670F8-AACE-4A0C-84E2-D5AD9A6A1081}.Debug|Any CPU.ActiveCfg = Debug|Any CPU
		{B26670F8-AACE-4A0C-84E2-D5AD9A6A1081}.Debug|Any CPU.Build.0 = Debug|Any CPU
		{B26670F8-AACE-4A0C-84E2-D5AD9A6A1081}.Release|Any CPU.ActiveCfg = Release|Any CPU
		{B26670F8-AACE-4A0C-84E2-D5AD9A6A1081}.Release|Any CPU.Build.0 = Release|Any CPU
		{F5BAD10C-34FD-42FF-92A7-355759D33335}.Debug|Any CPU.ActiveCfg = Debug|Any CPU
		{F5BAD10C-34FD-42FF-92A7-355759D33335}.Debug|Any CPU.Build.0 = Debug|Any CPU
		{F5BAD10C-34FD-42FF-92A7-355759D33335}.Release|Any CPU.ActiveCfg = Release|Any CPU
		{F5BAD10C-34FD-42FF-92A7-355759D33335}.Release|Any CPU.Build.0 = Release|Any CPU
		{A6D5EE9A-25B5-49EE-8334-83AF430B05C8}.Debug|Any CPU.ActiveCfg = Debug|Any CPU
		{A6D5EE9A-25B5-49EE-8334-83AF430B05C8}.Debug|Any CPU.Build.0 = Debug|Any CPU
		{A6D5EE9A-25B5-49EE-8334-83AF430B05C8}.Release|Any CPU.ActiveCfg = Release|Any CPU
		{A6D5EE9A-25B5-49EE-8334-83AF430B05C8}.Release|Any CPU.Build.0 = Release|Any CPU
		{A47F592B-D383-48DD-9EDC-9B1D545A9519}.Debug|Any CPU.ActiveCfg = Debug|Any CPU
		{A47F592B-D383-48DD-9EDC-9B1D545A9519}.Debug|Any CPU.Build.0 = Debug|Any CPU
		{A47F592B-D383-48DD-9EDC-9B1D545A9519}.Release|Any CPU.ActiveCfg = Release|Any CPU
		{A47F592B-D383-48DD-9EDC-9B1D545A9519}.Release|Any CPU.Build.0 = Release|Any CPU
		{D5DB361A-8316-4BD5-BAC7-C0060C35E84E}.Debug|Any CPU.ActiveCfg = Debug|Any CPU
		{D5DB361A-8316-4BD5-BAC7-C0060C35E84E}.Debug|Any CPU.Build.0 = Debug|Any CPU
		{D5DB361A-8316-4BD5-BAC7-C0060C35E84E}.Release|Any CPU.ActiveCfg = Release|Any CPU
		{D5DB361A-8316-4BD5-BAC7-C0060C35E84E}.Release|Any CPU.Build.0 = Release|Any CPU
		{41A8CEEA-C412-4DC5-B89C-B3FFAE6CA0C2}.Debug|Any CPU.ActiveCfg = Debug|Any CPU
		{41A8CEEA-C412-4DC5-B89C-B3FFAE6CA0C2}.Debug|Any CPU.Build.0 = Debug|Any CPU
		{41A8CEEA-C412-4DC5-B89C-B3FFAE6CA0C2}.Release|Any CPU.ActiveCfg = Release|Any CPU
		{41A8CEEA-C412-4DC5-B89C-B3FFAE6CA0C2}.Release|Any CPU.Build.0 = Release|Any CPU
		{2A42AF0E-0945-4EDE-94A5-FCF1DB86E91A}.Debug|Any CPU.ActiveCfg = Debug|Any CPU
		{2A42AF0E-0945-4EDE-94A5-FCF1DB86E91A}.Debug|Any CPU.Build.0 = Debug|Any CPU
		{2A42AF0E-0945-4EDE-94A5-FCF1DB86E91A}.Release|Any CPU.ActiveCfg = Release|Any CPU
		{2A42AF0E-0945-4EDE-94A5-FCF1DB86E91A}.Release|Any CPU.Build.0 = Release|Any CPU
		{FE2865B3-8C06-4CF1-AE72-C2EFCD721D03}.Debug|Any CPU.ActiveCfg = Debug|Any CPU
		{FE2865B3-8C06-4CF1-AE72-C2EFCD721D03}.Debug|Any CPU.Build.0 = Debug|Any CPU
		{FE2865B3-8C06-4CF1-AE72-C2EFCD721D03}.Release|Any CPU.ActiveCfg = Release|Any CPU
		{FE2865B3-8C06-4CF1-AE72-C2EFCD721D03}.Release|Any CPU.Build.0 = Release|Any CPU
		{80DC52FC-BAD6-4FCD-8582-6F573BE24F3A}.Debug|Any CPU.ActiveCfg = Debug|Any CPU
		{80DC52FC-BAD6-4FCD-8582-6F573BE24F3A}.Debug|Any CPU.Build.0 = Debug|Any CPU
		{80DC52FC-BAD6-4FCD-8582-6F573BE24F3A}.Release|Any CPU.ActiveCfg = Release|Any CPU
		{80DC52FC-BAD6-4FCD-8582-6F573BE24F3A}.Release|Any CPU.Build.0 = Release|Any CPU
		{5EFFEA1D-3D48-4AA3-B386-B1A91116075F}.Debug|Any CPU.ActiveCfg = Debug|Any CPU
		{5EFFEA1D-3D48-4AA3-B386-B1A91116075F}.Debug|Any CPU.Build.0 = Debug|Any CPU
		{5EFFEA1D-3D48-4AA3-B386-B1A91116075F}.Release|Any CPU.ActiveCfg = Release|Any CPU
		{5EFFEA1D-3D48-4AA3-B386-B1A91116075F}.Release|Any CPU.Build.0 = Release|Any CPU
		{28B59FAB-A0E6-40FE-B4F7-12EFB771CE97}.Debug|Any CPU.ActiveCfg = Debug|Any CPU
		{28B59FAB-A0E6-40FE-B4F7-12EFB771CE97}.Debug|Any CPU.Build.0 = Debug|Any CPU
		{28B59FAB-A0E6-40FE-B4F7-12EFB771CE97}.Release|Any CPU.ActiveCfg = Release|Any CPU
		{28B59FAB-A0E6-40FE-B4F7-12EFB771CE97}.Release|Any CPU.Build.0 = Release|Any CPU
		{9176EA63-B0B2-4CE0-8FE9-BEFC7602DB0E}.Debug|Any CPU.ActiveCfg = Debug|Any CPU
		{9176EA63-B0B2-4CE0-8FE9-BEFC7602DB0E}.Debug|Any CPU.Build.0 = Debug|Any CPU
		{9176EA63-B0B2-4CE0-8FE9-BEFC7602DB0E}.Release|Any CPU.ActiveCfg = Release|Any CPU
		{9176EA63-B0B2-4CE0-8FE9-BEFC7602DB0E}.Release|Any CPU.Build.0 = Release|Any CPU
		{A19C625F-E7B5-4A94-BD0E-6A11541B9B97}.Debug|Any CPU.ActiveCfg = Debug|Any CPU
		{A19C625F-E7B5-4A94-BD0E-6A11541B9B97}.Debug|Any CPU.Build.0 = Debug|Any CPU
		{A19C625F-E7B5-4A94-BD0E-6A11541B9B97}.Release|Any CPU.ActiveCfg = Release|Any CPU
		{A19C625F-E7B5-4A94-BD0E-6A11541B9B97}.Release|Any CPU.Build.0 = Release|Any CPU
		{5C2A9CB5-3D42-4DBF-BE21-7D1379ED13D0}.Debug|Any CPU.ActiveCfg = Debug|Any CPU
		{5C2A9CB5-3D42-4DBF-BE21-7D1379ED13D0}.Debug|Any CPU.Build.0 = Debug|Any CPU
		{5C2A9CB5-3D42-4DBF-BE21-7D1379ED13D0}.Release|Any CPU.ActiveCfg = Release|Any CPU
		{5C2A9CB5-3D42-4DBF-BE21-7D1379ED13D0}.Release|Any CPU.Build.0 = Release|Any CPU
	EndGlobalSection
	GlobalSection(SolutionProperties) = preSolution
		HideSolutionNode = FALSE
	EndGlobalSection
	GlobalSection(NestedProjects) = preSolution
		{B26670F8-AACE-4A0C-84E2-D5AD9A6A1081} = {02EA681E-C7D8-13C7-8484-4AC65E1B71E8}
		{F5BAD10C-34FD-42FF-92A7-355759D33335} = {A7BF08B1-4AA7-4727-A463-DD5EEF1E008A}
		{A6D5EE9A-25B5-49EE-8334-83AF430B05C8} = {7612D6F2-F060-4665-9D0D-C310E3A72C34}
		{A47F592B-D383-48DD-9EDC-9B1D545A9519} = {7612D6F2-F060-4665-9D0D-C310E3A72C34}
		{D5DB361A-8316-4BD5-BAC7-C0060C35E84E} = {7612D6F2-F060-4665-9D0D-C310E3A72C34}
		{41A8CEEA-C412-4DC5-B89C-B3FFAE6CA0C2} = {F449678F-397C-4B42-BDD7-B2DC8D3A0F28}
		{2A42AF0E-0945-4EDE-94A5-FCF1DB86E91A} = {F449678F-397C-4B42-BDD7-B2DC8D3A0F28}
		{FE2865B3-8C06-4CF1-AE72-C2EFCD721D03} = {F449678F-397C-4B42-BDD7-B2DC8D3A0F28}
		{80DC52FC-BAD6-4FCD-8582-6F573BE24F3A} = {AFF3BC2B-5880-4FA6-9F13-41F51101CCC0}
		{5EFFEA1D-3D48-4AA3-B386-B1A91116075F} = {AFF3BC2B-5880-4FA6-9F13-41F51101CCC0}
		{28B59FAB-A0E6-40FE-B4F7-12EFB771CE97} = {AFF3BC2B-5880-4FA6-9F13-41F51101CCC0}
		{9176EA63-B0B2-4CE0-8FE9-BEFC7602DB0E} = {BD9FB2DF-254C-4438-9876-2CB2FA4B35E9}
		{A19C625F-E7B5-4A94-BD0E-6A11541B9B97} = {BD9FB2DF-254C-4438-9876-2CB2FA4B35E9}
		{5C2A9CB5-3D42-4DBF-BE21-7D1379ED13D0} = {BD9FB2DF-254C-4438-9876-2CB2FA4B35E9}
	EndGlobalSection
	GlobalSection(ExtensibilityGlobals) = postSolution
		SolutionGuid = {0975EE38-8AA0-4B27-A499-0ABCD29964F5}
	EndGlobalSection
EndGlobal
