
Microsoft Visual Studio Solution File, Format Version 12.00
# Visual Studio Version 16
VisualStudioVersion = 16.0.33927.289
MinimumVisualStudioVersion = 10.0.40219.1
Project("{2150E333-8FDC-42A3-9474-1A3956D46DE8}") = "Task7", "Task7", "{D6CDBE1A-667B-4C99-AAEF-BC3BE5700002}"
EndProject
Project("{8BC9CEB8-8B4A-11D0-8D11-00A0C91BC942}") = "Tyuiu.artemihinnd.Sprint0.Task7.V0", "Tyuiu.artemihinnd.Sprint0.Task7.V0\Tyuiu.artemihinnd.Sprint0.Task7.V0.vcxproj", "{7889C246-F625-4A59-B241-8EA9DE860784}"
EndProject
Project("{8BC9CEB8-8B4A-11D0-8D11-00A0C91BC942}") = "Tyuiu.artemihinnd.Sprint0.Task7.V0.Lib", "Tyuiu.artemihinnd.Sprint0.Task7.V0.Lib\Tyuiu.artemihinnd.Sprint0.Task7.V0.Lib.vcxproj", "{D0DC533E-5224-4A2C-ABCE-47B192F17D20}"
EndProject
Project("{8BC9CEB8-8B4A-11D0-8D11-00A0C91BC942}") = "Tyuiu.artemihinnd.Sprint0.Task7.V0.Test", "Tyuiu.artemihinnd.Sprint0.Task7.V0.Test\Tyuiu.artemihinnd.Sprint0.Task7.V0.Test.vcxproj", "{2E0493C5-5937-4E60-A2F5-5527BD57C438}"
EndProject
Project("{2150E333-8FDC-42A3-9474-1A3956D46DE8}") = "Task3", "Task3", "{BBD3F61F-AFC1-4007-A3C3-8C2C3048DD63}"
EndProject
Project("{8BC9CEB8-8B4A-11D0-8D11-00A0C91BC942}") = "Tyuiu.artemihinnd.Sprint0.Task3.V0", "Tyuiu.artemihinnd.Sprint0.Task3.V0\Tyuiu.artemihinnd.Sprint0.Task3.V0.vcxproj", "{A4497840-5FA5-4FE3-A4AD-FD75843CB45B}"
EndProject
Project("{8BC9CEB8-8B4A-11D0-8D11-00A0C91BC942}") = "Tyuiu.artemihinnd.Sprint0.Task3.V0.Lib", "Tyuiu.artemihinnd.Sprint0.Task3.V0.Lib\Tyuiu.artemihinnd.Sprint0.Task3.V0.Lib.vcxproj", "{CEF4FCC7-EB85-4490-8BAA-432EDF2420F3}"
EndProject
Project("{8BC9CEB8-8B4A-11D0-8D11-00A0C91BC942}") = "Tyuiu.artemihinnd.Sprint0.Task3.V0.Test", "Tyuiu.artemihinnd.Sprint0.Task3.V0.Test\Tyuiu.artemihinnd.Sprint0.Task3.V0.Test.vcxproj", "{9D86D74B-CCCB-4E6D-B911-86DB59E0C8DD}"
EndProject
Global
	GlobalSection(SolutionConfigurationPlatforms) = preSolution
		Debug|x64 = Debug|x64
		Debug|x86 = Debug|x86
		Release|x64 = Release|x64
		Release|x86 = Release|x86
	EndGlobalSection
	GlobalSection(ProjectConfigurationPlatforms) = postSolution
		{7889C246-F625-4A59-B241-8EA9DE860784}.Debug|x64.ActiveCfg = Debug|x64
		{7889C246-F625-4A59-B241-8EA9DE860784}.Debug|x64.Build.0 = Debug|x64
		{7889C246-F625-4A59-B241-8EA9DE860784}.Debug|x86.ActiveCfg = Debug|Win32
		{7889C246-F625-4A59-B241-8EA9DE860784}.Debug|x86.Build.0 = Debug|Win32
		{7889C246-F625-4A59-B241-8EA9DE860784}.Release|x64.ActiveCfg = Release|x64
		{7889C246-F625-4A59-B241-8EA9DE860784}.Release|x64.Build.0 = Release|x64
		{7889C246-F625-4A59-B241-8EA9DE860784}.Release|x86.ActiveCfg = Release|Win32
		{7889C246-F625-4A59-B241-8EA9DE860784}.Release|x86.Build.0 = Release|Win32
		{D0DC533E-5224-4A2C-ABCE-47B192F17D20}.Debug|x64.ActiveCfg = Debug|x64
		{D0DC533E-5224-4A2C-ABCE-47B192F17D20}.Debug|x64.Build.0 = Debug|x64
		{D0DC533E-5224-4A2C-ABCE-47B192F17D20}.Debug|x86.ActiveCfg = Debug|Win32
		{D0DC533E-5224-4A2C-ABCE-47B192F17D20}.Debug|x86.Build.0 = Debug|Win32
		{D0DC533E-5224-4A2C-ABCE-47B192F17D20}.Release|x64.ActiveCfg = Release|x64
		{D0DC533E-5224-4A2C-ABCE-47B192F17D20}.Release|x64.Build.0 = Release|x64
		{D0DC533E-5224-4A2C-ABCE-47B192F17D20}.Release|x86.ActiveCfg = Release|Win32
		{D0DC533E-5224-4A2C-ABCE-47B192F17D20}.Release|x86.Build.0 = Release|Win32
		{2E0493C5-5937-4E60-A2F5-5527BD57C438}.Debug|x64.ActiveCfg = Debug|x64
		{2E0493C5-5937-4E60-A2F5-5527BD57C438}.Debug|x64.Build.0 = Debug|x64
		{2E0493C5-5937-4E60-A2F5-5527BD57C438}.Debug|x86.ActiveCfg = Debug|Win32
		{2E0493C5-5937-4E60-A2F5-5527BD57C438}.Debug|x86.Build.0 = Debug|Win32
		{2E0493C5-5937-4E60-A2F5-5527BD57C438}.Release|x64.ActiveCfg = Release|x64
		{2E0493C5-5937-4E60-A2F5-5527BD57C438}.Release|x64.Build.0 = Release|x64
		{2E0493C5-5937-4E60-A2F5-5527BD57C438}.Release|x86.ActiveCfg = Release|Win32
		{2E0493C5-5937-4E60-A2F5-5527BD57C438}.Release|x86.Build.0 = Release|Win32
		{A4497840-5FA5-4FE3-A4AD-FD75843CB45B}.Debug|x64.ActiveCfg = Debug|x64
		{A4497840-5FA5-4FE3-A4AD-FD75843CB45B}.Debug|x64.Build.0 = Debug|x64
		{A4497840-5FA5-4FE3-A4AD-FD75843CB45B}.Debug|x86.ActiveCfg = Debug|Win32
		{A4497840-5FA5-4FE3-A4AD-FD75843CB45B}.Debug|x86.Build.0 = Debug|Win32
		{A4497840-5FA5-4FE3-A4AD-FD75843CB45B}.Release|x64.ActiveCfg = Release|x64
		{A4497840-5FA5-4FE3-A4AD-FD75843CB45B}.Release|x64.Build.0 = Release|x64
		{A4497840-5FA5-4FE3-A4AD-FD75843CB45B}.Release|x86.ActiveCfg = Release|Win32
		{A4497840-5FA5-4FE3-A4AD-FD75843CB45B}.Release|x86.Build.0 = Release|Win32
		{CEF4FCC7-EB85-4490-8BAA-432EDF2420F3}.Debug|x64.ActiveCfg = Debug|x64
		{CEF4FCC7-EB85-4490-8BAA-432EDF2420F3}.Debug|x64.Build.0 = Debug|x64
		{CEF4FCC7-EB85-4490-8BAA-432EDF2420F3}.Debug|x86.ActiveCfg = Debug|Win32
		{CEF4FCC7-EB85-4490-8BAA-432EDF2420F3}.Debug|x86.Build.0 = Debug|Win32
		{CEF4FCC7-EB85-4490-8BAA-432EDF2420F3}.Release|x64.ActiveCfg = Release|x64
		{CEF4FCC7-EB85-4490-8BAA-432EDF2420F3}.Release|x64.Build.0 = Release|x64
		{CEF4FCC7-EB85-4490-8BAA-432EDF2420F3}.Release|x86.ActiveCfg = Release|Win32
		{CEF4FCC7-EB85-4490-8BAA-432EDF2420F3}.Release|x86.Build.0 = Release|Win32
		{9D86D74B-CCCB-4E6D-B911-86DB59E0C8DD}.Debug|x64.ActiveCfg = Debug|x64
		{9D86D74B-CCCB-4E6D-B911-86DB59E0C8DD}.Debug|x64.Build.0 = Debug|x64
		{9D86D74B-CCCB-4E6D-B911-86DB59E0C8DD}.Debug|x86.ActiveCfg = Debug|Win32
		{9D86D74B-CCCB-4E6D-B911-86DB59E0C8DD}.Debug|x86.Build.0 = Debug|Win32
		{9D86D74B-CCCB-4E6D-B911-86DB59E0C8DD}.Release|x64.ActiveCfg = Release|x64
		{9D86D74B-CCCB-4E6D-B911-86DB59E0C8DD}.Release|x64.Build.0 = Release|x64
		{9D86D74B-CCCB-4E6D-B911-86DB59E0C8DD}.Release|x86.ActiveCfg = Release|Win32
		{9D86D74B-CCCB-4E6D-B911-86DB59E0C8DD}.Release|x86.Build.0 = Release|Win32
	EndGlobalSection
	GlobalSection(SolutionProperties) = preSolution
		HideSolutionNode = FALSE
	EndGlobalSection
	GlobalSection(NestedProjects) = preSolution
		{7889C246-F625-4A59-B241-8EA9DE860784} = {D6CDBE1A-667B-4C99-AAEF-BC3BE5700002}
		{D0DC533E-5224-4A2C-ABCE-47B192F17D20} = {D6CDBE1A-667B-4C99-AAEF-BC3BE5700002}
		{2E0493C5-5937-4E60-A2F5-5527BD57C438} = {D6CDBE1A-667B-4C99-AAEF-BC3BE5700002}
		{A4497840-5FA5-4FE3-A4AD-FD75843CB45B} = {BBD3F61F-AFC1-4007-A3C3-8C2C3048DD63}
		{CEF4FCC7-EB85-4490-8BAA-432EDF2420F3} = {BBD3F61F-AFC1-4007-A3C3-8C2C3048DD63}
		{9D86D74B-CCCB-4E6D-B911-86DB59E0C8DD} = {BBD3F61F-AFC1-4007-A3C3-8C2C3048DD63}
	EndGlobalSection
	GlobalSection(ExtensibilityGlobals) = postSolution
		SolutionGuid = {F8290470-93D6-42A4-96F7-5A47EFE4CCBE}
	EndGlobalSection
EndGlobal
