
Microsoft Visual Studio Solution File, Format Version 12.00
# Visual Studio Version 16
VisualStudioVersion = 16.0.33927.289
MinimumVisualStudioVersion = 10.0.40219.1
Project("{2150E333-8FDC-42A3-9474-1A3956D46DE8}") = "Task0", "Task0", "{7A8527F8-4152-4E2E-9997-FC6007758210}"
EndProject
Project("{FAE04EC0-301F-11D3-BF4B-00C04F79EFBC}") = "Tyuiu.artemihinnd.Sprint0.Task0.V0", "Tyuiu.artemihinnd.Sprint0.Task0.V0\Tyuiu.artemihinnd.Sprint0.Task0.V0.csproj", "{67AECAE2-95B4-43F5-9AD4-3D9EDD2E49FF}"
EndProject
Project("{2150E333-8FDC-42A3-9474-1A3956D46DE8}") = "Task1", "Task1", "{FEB7E679-3207-4F57-A85C-50797C7DAECF}"
EndProject
Project("{FAE04EC0-301F-11D3-BF4B-00C04F79EFBC}") = "Tyuiu.artemihinnd.Sprint0.Task1.V0", "Tyuiu.artemihinnd.Sprint0.Task1.V0\Tyuiu.artemihinnd.Sprint0.Task1.V0.csproj", "{4581293A-2486-41CA-BF5F-DD8D977F4712}"
EndProject
Project("{2150E333-8FDC-42A3-9474-1A3956D46DE8}") = "Task2", "Task2", "{86422BB5-9960-47B4-B727-F000360B95CE}"
EndProject
Project("{FAE04EC0-301F-11D3-BF4B-00C04F79EFBC}") = "Tyuiu.artemihinnd.Sprint0.Task2.V0", "Tyuiu.artemihinnd.Sprint0.Task2.V0\Tyuiu.artemihinnd.Sprint0.Task2.V0.csproj", "{1786AA4A-A3DA-4D8F-AEBB-9A87313C662C}"
EndProject
Project("{FAE04EC0-301F-11D3-BF4B-00C04F79EFBC}") = "Tyuiu.artemihinnd.Sprint0.Task2.V0.Lib", "Tyuiu.artemihinnd.Sprint0.Task2.V0.Lib\Tyuiu.artemihinnd.Sprint0.Task2.V0.Lib.csproj", "{7C54ADD0-0E15-4CDC-AD8D-F0164DB88A0E}"
EndProject
Project("{FAE04EC0-301F-11D3-BF4B-00C04F79EFBC}") = "Tyuiu.artemihinnd.Sprint0.Task2.V0.Test", "Tyuiu.artemihinnd.Sprint0.Task2.V0.Test\Tyuiu.artemihinnd.Sprint0.Task2.V0.Test.csproj", "{78D03F6B-00D0-4D15-BFBA-26414C0A2DA6}"
EndProject
Project("{2150E333-8FDC-42A3-9474-1A3956D46DE8}") = "Task3", "Task3", "{A163E392-BD92-416B-B868-CEA8BA250D18}"
EndProject
Project("{FAE04EC0-301F-11D3-BF4B-00C04F79EFBC}") = "Tyuiu.artemihinnd.Sprint0.Task3.V0", "Tyuiu.artemihinnd.Sprint0.Task3.V0\Tyuiu.artemihinnd.Sprint0.Task3.V0.csproj", "{38D81476-27FB-4E80-97F7-4FC44E59735C}"
EndProject
Project("{FAE04EC0-301F-11D3-BF4B-00C04F79EFBC}") = "Tyuiu.artemihinnd.Sprint0.Task3.V0.Lib", "Tyuiu.artemihinnd.Sprint0.Task3.V0.Lib\Tyuiu.artemihinnd.Sprint0.Task3.V0.Lib.csproj", "{02F46073-F45E-4AB0-B3B6-CC5ED56A3698}"
EndProject
Project("{FAE04EC0-301F-11D3-BF4B-00C04F79EFBC}") = "Tyuiu.artemihinnd.Sprint0.Task3.V0.Test", "Tyuiu.artemihinnd.Sprint0.Task3.V0.Test\Tyuiu.artemihinnd.Sprint0.Task3.V0.Test.csproj", "{5596EE37-EE95-4A50-86CD-981D38D08B48}"
EndProject
Project("{2150E333-8FDC-42A3-9474-1A3956D46DE8}") = "Task4", "Task4", "{04C54522-4147-4093-87D2-DA13E232710A}"
EndProject
Project("{FAE04EC0-301F-11D3-BF4B-00C04F79EFBC}") = "Tyuiu.artemihinnd.Sprint0.Task4.V0", "Tyuiu.artemihinnd.Sprint0.Task4.V0\Tyuiu.artemihinnd.Sprint0.Task4.V0.csproj", "{331A9296-3BA4-4AC0-A71E-A3B01067C910}"
EndProject
Project("{FAE04EC0-301F-11D3-BF4B-00C04F79EFBC}") = "Tyuiu.artemihinnd.Sprint0.Task4.V0.Lib", "Tyuiu.artemihinnd.Sprint0.Task4.V0.Lib\Tyuiu.artemihinnd.Sprint0.Task4.V0.Lib.csproj", "{66E8CEE5-AEE0-4B61-9F11-D5C35419BC0F}"
EndProject
Project("{FAE04EC0-301F-11D3-BF4B-00C04F79EFBC}") = "Tyuiu.artemihinnd.Sprint0.Task4.V0.Test", "Tyuiu.artemihinnd.Sprint0.Task4.V0.Test\Tyuiu.artemihinnd.Sprint0.Task4.V0.Test.csproj", "{94565EDA-6CBD-4C56-98A8-57C8E528DE8D}"
EndProject
Project("{2150E333-8FDC-42A3-9474-1A3956D46DE8}") = "Task5", "Task5", "{24CAD663-2499-466C-A64D-1BB7DB7FF251}"
EndProject
Project("{FAE04EC0-301F-11D3-BF4B-00C04F79EFBC}") = "Tyuiu.artemihinnd.Sprint0.Task5.V0", "Tyuiu.artemihinnd.Sprint0.Task5.V0\Tyuiu.artemihinnd.Sprint0.Task5.V0.csproj", "{79204E6B-8CBA-4438-B3EF-86C24145A3ED}"
EndProject
Project("{FAE04EC0-301F-11D3-BF4B-00C04F79EFBC}") = "Tyuiu.artemihinnd.Sprint0.Task5.V0.Lib", "Tyuiu.artemihinnd.Sprint0.Task5.V0.Lib\Tyuiu.artemihinnd.Sprint0.Task5.V0.Lib.csproj", "{0343DAAB-7C26-4D76-9D10-05B4A79C8CAF}"
EndProject
Project("{FAE04EC0-301F-11D3-BF4B-00C04F79EFBC}") = "Tyuiu.artemihinnd.Sprint0.Task5.V0.Test", "Tyuiu.artemihinnd.Sprint0.Task5.V0.Test\Tyuiu.artemihinnd.Sprint0.Task5.V0.Test.csproj", "{9B3B0E67-F4D2-4886-A5A8-F111BD958BD4}"
EndProject
Project("{2150E333-8FDC-42A3-9474-1A3956D46DE8}") = "Task6", "Task6", "{C77E85D6-C4EC-441B-B86A-5689766C0AB1}"
EndProject
Project("{FAE04EC0-301F-11D3-BF4B-00C04F79EFBC}") = "Tyuiu.artemihinnd.Sprint0.Task6.V0", "Tyuiu.artemihinnd.Sprint0.Task6.V0\Tyuiu.artemihinnd.Sprint0.Task6.V0.csproj", "{741D730F-A1E6-4CBF-A168-5B4BFA50F5BE}"
EndProject
Project("{FAE04EC0-301F-11D3-BF4B-00C04F79EFBC}") = "Tyuiu.artemihinnd.Sprint0.Task6.V0.Lib", "Tyuiu.artemihinnd.Sprint0.Task6.V0.Lib\Tyuiu.artemihinnd.Sprint0.Task6.V0.Lib.csproj", "{B608EDA8-5C54-4C67-A742-7BFB959FC6F7}"
EndProject
Project("{FAE04EC0-301F-11D3-BF4B-00C04F79EFBC}") = "Tyuiu.artemihinnd.Sprint0.Task6.V0.Test", "Tyuiu.artemihinnd.Sprint0.Task6.V0.Test\Tyuiu.artemihinnd.Sprint0.Task6.V0.Test.csproj", "{3F59C06B-18AD-4763-AC36-E69ADFD3C57B}"
EndProject
Project("{2150E333-8FDC-42A3-9474-1A3956D46DE8}") = "Task7", "Task7", "{3EBEC2A3-1181-47D9-879C-D561240BC6E1}"
EndProject
Project("{FAE04EC0-301F-11D3-BF4B-00C04F79EFBC}") = "Tyuiu.artemihinnd.Sprint0.Task7.V0", "Tyuiu.artemihinnd.Sprint0.Task7.V0\Tyuiu.artemihinnd.Sprint0.Task7.V0.csproj", "{75459F44-50F4-4970-867F-33AFF6EA8F55}"
EndProject
Project("{FAE04EC0-301F-11D3-BF4B-00C04F79EFBC}") = "Tyuiu.artemihinnd.Sprint0.Task7.V0.Lib", "Tyuiu.artemihinnd.Sprint0.Task7.V0.Lib\Tyuiu.artemihinnd.Sprint0.Task7.V0.Lib.csproj", "{053B5E8C-EA10-4616-9A12-7DC83677FCE3}"
EndProject
Project("{FAE04EC0-301F-11D3-BF4B-00C04F79EFBC}") = "Tyuiu.artemihinnd.Sprint0.Task7.V0.Test", "Tyuiu.artemihinnd.Sprint0.Task7.V0.Test\Tyuiu.artemihinnd.Sprint0.Task7.V0.Test.csproj", "{5475CF54-71E4-4F57-BF7C-BA404AE2A409}"
EndProject
Global
	GlobalSection(SolutionConfigurationPlatforms) = preSolution
		Debug|Any CPU = Debug|Any CPU
		Release|Any CPU = Release|Any CPU
	EndGlobalSection
	GlobalSection(ProjectConfigurationPlatforms) = postSolution
		{67AECAE2-95B4-43F5-9AD4-3D9EDD2E49FF}.Debug|Any CPU.ActiveCfg = Debug|Any CPU
		{67AECAE2-95B4-43F5-9AD4-3D9EDD2E49FF}.Debug|Any CPU.Build.0 = Debug|Any CPU
		{67AECAE2-95B4-43F5-9AD4-3D9EDD2E49FF}.Release|Any CPU.ActiveCfg = Release|Any CPU
		{67AECAE2-95B4-43F5-9AD4-3D9EDD2E49FF}.Release|Any CPU.Build.0 = Release|Any CPU
		{4581293A-2486-41CA-BF5F-DD8D977F4712}.Debug|Any CPU.ActiveCfg = Debug|Any CPU
		{4581293A-2486-41CA-BF5F-DD8D977F4712}.Debug|Any CPU.Build.0 = Debug|Any CPU
		{4581293A-2486-41CA-BF5F-DD8D977F4712}.Release|Any CPU.ActiveCfg = Release|Any CPU
		{4581293A-2486-41CA-BF5F-DD8D977F4712}.Release|Any CPU.Build.0 = Release|Any CPU
		{1786AA4A-A3DA-4D8F-AEBB-9A87313C662C}.Debug|Any CPU.ActiveCfg = Debug|Any CPU
		{1786AA4A-A3DA-4D8F-AEBB-9A87313C662C}.Debug|Any CPU.Build.0 = Debug|Any CPU
		{1786AA4A-A3DA-4D8F-AEBB-9A87313C662C}.Release|Any CPU.ActiveCfg = Release|Any CPU
		{1786AA4A-A3DA-4D8F-AEBB-9A87313C662C}.Release|Any CPU.Build.0 = Release|Any CPU
		{7C54ADD0-0E15-4CDC-AD8D-F0164DB88A0E}.Debug|Any CPU.ActiveCfg = Debug|Any CPU
		{7C54ADD0-0E15-4CDC-AD8D-F0164DB88A0E}.Debug|Any CPU.Build.0 = Debug|Any CPU
		{7C54ADD0-0E15-4CDC-AD8D-F0164DB88A0E}.Release|Any CPU.ActiveCfg = Release|Any CPU
		{7C54ADD0-0E15-4CDC-AD8D-F0164DB88A0E}.Release|Any CPU.Build.0 = Release|Any CPU
		{78D03F6B-00D0-4D15-BFBA-26414C0A2DA6}.Debug|Any CPU.ActiveCfg = Debug|Any CPU
		{78D03F6B-00D0-4D15-BFBA-26414C0A2DA6}.Debug|Any CPU.Build.0 = Debug|Any CPU
		{78D03F6B-00D0-4D15-BFBA-26414C0A2DA6}.Release|Any CPU.ActiveCfg = Release|Any CPU
		{78D03F6B-00D0-4D15-BFBA-26414C0A2DA6}.Release|Any CPU.Build.0 = Release|Any CPU
		{38D81476-27FB-4E80-97F7-4FC44E59735C}.Debug|Any CPU.ActiveCfg = Debug|Any CPU
		{38D81476-27FB-4E80-97F7-4FC44E59735C}.Debug|Any CPU.Build.0 = Debug|Any CPU
		{38D81476-27FB-4E80-97F7-4FC44E59735C}.Release|Any CPU.ActiveCfg = Release|Any CPU
		{38D81476-27FB-4E80-97F7-4FC44E59735C}.Release|Any CPU.Build.0 = Release|Any CPU
		{02F46073-F45E-4AB0-B3B6-CC5ED56A3698}.Debug|Any CPU.ActiveCfg = Debug|Any CPU
		{02F46073-F45E-4AB0-B3B6-CC5ED56A3698}.Debug|Any CPU.Build.0 = Debug|Any CPU
		{02F46073-F45E-4AB0-B3B6-CC5ED56A3698}.Release|Any CPU.ActiveCfg = Release|Any CPU
		{02F46073-F45E-4AB0-B3B6-CC5ED56A3698}.Release|Any CPU.Build.0 = Release|Any CPU
		{5596EE37-EE95-4A50-86CD-981D38D08B48}.Debug|Any CPU.ActiveCfg = Debug|Any CPU
		{5596EE37-EE95-4A50-86CD-981D38D08B48}.Debug|Any CPU.Build.0 = Debug|Any CPU
		{5596EE37-EE95-4A50-86CD-981D38D08B48}.Release|Any CPU.ActiveCfg = Release|Any CPU
		{5596EE37-EE95-4A50-86CD-981D38D08B48}.Release|Any CPU.Build.0 = Release|Any CPU
		{331A9296-3BA4-4AC0-A71E-A3B01067C910}.Debug|Any CPU.ActiveCfg = Debug|Any CPU
		{331A9296-3BA4-4AC0-A71E-A3B01067C910}.Debug|Any CPU.Build.0 = Debug|Any CPU
		{331A9296-3BA4-4AC0-A71E-A3B01067C910}.Release|Any CPU.ActiveCfg = Release|Any CPU
		{331A9296-3BA4-4AC0-A71E-A3B01067C910}.Release|Any CPU.Build.0 = Release|Any CPU
		{66E8CEE5-AEE0-4B61-9F11-D5C35419BC0F}.Debug|Any CPU.ActiveCfg = Debug|Any CPU
		{66E8CEE5-AEE0-4B61-9F11-D5C35419BC0F}.Debug|Any CPU.Build.0 = Debug|Any CPU
		{66E8CEE5-AEE0-4B61-9F11-D5C35419BC0F}.Release|Any CPU.ActiveCfg = Release|Any CPU
		{66E8CEE5-AEE0-4B61-9F11-D5C35419BC0F}.Release|Any CPU.Build.0 = Release|Any CPU
		{94565EDA-6CBD-4C56-98A8-57C8E528DE8D}.Debug|Any CPU.ActiveCfg = Debug|Any CPU
		{94565EDA-6CBD-4C56-98A8-57C8E528DE8D}.Debug|Any CPU.Build.0 = Debug|Any CPU
		{94565EDA-6CBD-4C56-98A8-57C8E528DE8D}.Release|Any CPU.ActiveCfg = Release|Any CPU
		{94565EDA-6CBD-4C56-98A8-57C8E528DE8D}.Release|Any CPU.Build.0 = Release|Any CPU
		{79204E6B-8CBA-4438-B3EF-86C24145A3ED}.Debug|Any CPU.ActiveCfg = Debug|Any CPU
		{79204E6B-8CBA-4438-B3EF-86C24145A3ED}.Debug|Any CPU.Build.0 = Debug|Any CPU
		{79204E6B-8CBA-4438-B3EF-86C24145A3ED}.Release|Any CPU.ActiveCfg = Release|Any CPU
		{79204E6B-8CBA-4438-B3EF-86C24145A3ED}.Release|Any CPU.Build.0 = Release|Any CPU
		{0343DAAB-7C26-4D76-9D10-05B4A79C8CAF}.Debug|Any CPU.ActiveCfg = Debug|Any CPU
		{0343DAAB-7C26-4D76-9D10-05B4A79C8CAF}.Debug|Any CPU.Build.0 = Debug|Any CPU
		{0343DAAB-7C26-4D76-9D10-05B4A79C8CAF}.Release|Any CPU.ActiveCfg = Release|Any CPU
		{0343DAAB-7C26-4D76-9D10-05B4A79C8CAF}.Release|Any CPU.Build.0 = Release|Any CPU
		{9B3B0E67-F4D2-4886-A5A8-F111BD958BD4}.Debug|Any CPU.ActiveCfg = Debug|Any CPU
		{9B3B0E67-F4D2-4886-A5A8-F111BD958BD4}.Debug|Any CPU.Build.0 = Debug|Any CPU
		{9B3B0E67-F4D2-4886-A5A8-F111BD958BD4}.Release|Any CPU.ActiveCfg = Release|Any CPU
		{9B3B0E67-F4D2-4886-A5A8-F111BD958BD4}.Release|Any CPU.Build.0 = Release|Any CPU
		{741D730F-A1E6-4CBF-A168-5B4BFA50F5BE}.Debug|Any CPU.ActiveCfg = Debug|Any CPU
		{741D730F-A1E6-4CBF-A168-5B4BFA50F5BE}.Debug|Any CPU.Build.0 = Debug|Any CPU
		{741D730F-A1E6-4CBF-A168-5B4BFA50F5BE}.Release|Any CPU.ActiveCfg = Release|Any CPU
		{741D730F-A1E6-4CBF-A168-5B4BFA50F5BE}.Release|Any CPU.Build.0 = Release|Any CPU
		{B608EDA8-5C54-4C67-A742-7BFB959FC6F7}.Debug|Any CPU.ActiveCfg = Debug|Any CPU
		{B608EDA8-5C54-4C67-A742-7BFB959FC6F7}.Debug|Any CPU.Build.0 = Debug|Any CPU
		{B608EDA8-5C54-4C67-A742-7BFB959FC6F7}.Release|Any CPU.ActiveCfg = Release|Any CPU
		{B608EDA8-5C54-4C67-A742-7BFB959FC6F7}.Release|Any CPU.Build.0 = Release|Any CPU
		{3F59C06B-18AD-4763-AC36-E69ADFD3C57B}.Debug|Any CPU.ActiveCfg = Debug|Any CPU
		{3F59C06B-18AD-4763-AC36-E69ADFD3C57B}.Debug|Any CPU.Build.0 = Debug|Any CPU
		{3F59C06B-18AD-4763-AC36-E69ADFD3C57B}.Release|Any CPU.ActiveCfg = Release|Any CPU
		{3F59C06B-18AD-4763-AC36-E69ADFD3C57B}.Release|Any CPU.Build.0 = Release|Any CPU
		{75459F44-50F4-4970-867F-33AFF6EA8F55}.Debug|Any CPU.ActiveCfg = Debug|Any CPU
		{75459F44-50F4-4970-867F-33AFF6EA8F55}.Debug|Any CPU.Build.0 = Debug|Any CPU
		{75459F44-50F4-4970-867F-33AFF6EA8F55}.Release|Any CPU.ActiveCfg = Release|Any CPU
		{75459F44-50F4-4970-867F-33AFF6EA8F55}.Release|Any CPU.Build.0 = Release|Any CPU
		{053B5E8C-EA10-4616-9A12-7DC83677FCE3}.Debug|Any CPU.ActiveCfg = Debug|Any CPU
		{053B5E8C-EA10-4616-9A12-7DC83677FCE3}.Debug|Any CPU.Build.0 = Debug|Any CPU
		{053B5E8C-EA10-4616-9A12-7DC83677FCE3}.Release|Any CPU.ActiveCfg = Release|Any CPU
		{053B5E8C-EA10-4616-9A12-7DC83677FCE3}.Release|Any CPU.Build.0 = Release|Any CPU
		{5475CF54-71E4-4F57-BF7C-BA404AE2A409}.Debug|Any CPU.ActiveCfg = Debug|Any CPU
		{5475CF54-71E4-4F57-BF7C-BA404AE2A409}.Debug|Any CPU.Build.0 = Debug|Any CPU
		{5475CF54-71E4-4F57-BF7C-BA404AE2A409}.Release|Any CPU.ActiveCfg = Release|Any CPU
		{5475CF54-71E4-4F57-BF7C-BA404AE2A409}.Release|Any CPU.Build.0 = Release|Any CPU
	EndGlobalSection
	GlobalSection(SolutionProperties) = preSolution
		HideSolutionNode = FALSE
	EndGlobalSection
	GlobalSection(NestedProjects) = preSolution
		{67AECAE2-95B4-43F5-9AD4-3D9EDD2E49FF} = {7A8527F8-4152-4E2E-9997-FC6007758210}
		{4581293A-2486-41CA-BF5F-DD8D977F4712} = {FEB7E679-3207-4F57-A85C-50797C7DAECF}
		{1786AA4A-A3DA-4D8F-AEBB-9A87313C662C} = {86422BB5-9960-47B4-B727-F000360B95CE}
		{7C54ADD0-0E15-4CDC-AD8D-F0164DB88A0E} = {86422BB5-9960-47B4-B727-F000360B95CE}
		{78D03F6B-00D0-4D15-BFBA-26414C0A2DA6} = {86422BB5-9960-47B4-B727-F000360B95CE}
		{38D81476-27FB-4E80-97F7-4FC44E59735C} = {A163E392-BD92-416B-B868-CEA8BA250D18}
		{02F46073-F45E-4AB0-B3B6-CC5ED56A3698} = {A163E392-BD92-416B-B868-CEA8BA250D18}
		{5596EE37-EE95-4A50-86CD-981D38D08B48} = {A163E392-BD92-416B-B868-CEA8BA250D18}
		{331A9296-3BA4-4AC0-A71E-A3B01067C910} = {04C54522-4147-4093-87D2-DA13E232710A}
		{66E8CEE5-AEE0-4B61-9F11-D5C35419BC0F} = {04C54522-4147-4093-87D2-DA13E232710A}
		{94565EDA-6CBD-4C56-98A8-57C8E528DE8D} = {04C54522-4147-4093-87D2-DA13E232710A}
		{79204E6B-8CBA-4438-B3EF-86C24145A3ED} = {24CAD663-2499-466C-A64D-1BB7DB7FF251}
		{0343DAAB-7C26-4D76-9D10-05B4A79C8CAF} = {24CAD663-2499-466C-A64D-1BB7DB7FF251}
		{9B3B0E67-F4D2-4886-A5A8-F111BD958BD4} = {24CAD663-2499-466C-A64D-1BB7DB7FF251}
		{741D730F-A1E6-4CBF-A168-5B4BFA50F5BE} = {C77E85D6-C4EC-441B-B86A-5689766C0AB1}
		{B608EDA8-5C54-4C67-A742-7BFB959FC6F7} = {C77E85D6-C4EC-441B-B86A-5689766C0AB1}
		{3F59C06B-18AD-4763-AC36-E69ADFD3C57B} = {C77E85D6-C4EC-441B-B86A-5689766C0AB1}
		{75459F44-50F4-4970-867F-33AFF6EA8F55} = {3EBEC2A3-1181-47D9-879C-D561240BC6E1}
		{053B5E8C-EA10-4616-9A12-7DC83677FCE3} = {3EBEC2A3-1181-47D9-879C-D561240BC6E1}
		{5475CF54-71E4-4F57-BF7C-BA404AE2A409} = {3EBEC2A3-1181-47D9-879C-D561240BC6E1}
	EndGlobalSection
	GlobalSection(ExtensibilityGlobals) = postSolution
		SolutionGuid = {70E0C7E0-8DFA-4518-8B51-214C36B24428}
	EndGlobalSection
EndGlobal
